
Microsoft Visual Studio Solution File, Format Version 12.00
# Visual Studio Version 16
VisualStudioVersion = 16.0.31702.278
MinimumVisualStudioVersion = 10.0.40219.1
Project("{F2A71F9B-5D33-465A-A702-920D77279786}") = "GLDemo", "GLDemo.fsproj", "{DC97A6FA-0973-4EB6-9BC8-46EC0D06956A}"
EndProject
Global
	GlobalSection(SolutionConfigurationPlatforms) = preSolution
		Debug|Any CPU = Debug|Any CPU
		Release|Any CPU = Release|Any CPU
	EndGlobalSection
	GlobalSection(ProjectConfigurationPlatforms) = postSolution
		{DC97A6FA-0973-4EB6-9BC8-46EC0D06956A}.Debug|Any CPU.ActiveCfg = Debug|Any CPU
		{DC97A6FA-0973-4EB6-9BC8-46EC0D06956A}.Debug|Any CPU.Build.0 = Debug|Any CPU
		{DC97A6FA-0973-4EB6-9BC8-46EC0D06956A}.Release|Any CPU.ActiveCfg = Release|Any CPU
		{DC97A6FA-0973-4EB6-9BC8-46EC0D06956A}.Release|Any CPU.Build.0 = Release|Any CPU
	EndGlobalSection
	GlobalSection(SolutionProperties) = preSolution
		HideSolutionNode = FALSE
	EndGlobalSection
	GlobalSection(ExtensibilityGlobals) = postSolution
		SolutionGuid = {658E4452-591A-4117-960F-BEE4470058BB}
	EndGlobalSection
EndGlobal
