
Microsoft Visual Studio Solution File, Format Version 12.00
# Visual Studio Version 16
VisualStudioVersion = 16.0.31702.278
MinimumVisualStudioVersion = 10.0.40219.1
Project("{F2A71F9B-5D33-465A-A702-920D77279786}") = "GLDemo", "GLDemo.fsproj", "{D276FE4A-C007-4E29-B8E3-CD232D91F448}"
EndProject
Global
	GlobalSection(SolutionConfigurationPlatforms) = preSolution
		Debug|Any CPU = Debug|Any CPU
		Release|Any CPU = Release|Any CPU
	EndGlobalSection
	GlobalSection(ProjectConfigurationPlatforms) = postSolution
		{D276FE4A-C007-4E29-B8E3-CD232D91F448}.Debug|Any CPU.ActiveCfg = Debug|Any CPU
		{D276FE4A-C007-4E29-B8E3-CD232D91F448}.Debug|Any CPU.Build.0 = Debug|Any CPU
		{D276FE4A-C007-4E29-B8E3-CD232D91F448}.Release|Any CPU.ActiveCfg = Release|Any CPU
		{D276FE4A-C007-4E29-B8E3-CD232D91F448}.Release|Any CPU.Build.0 = Release|Any CPU
	EndGlobalSection
	GlobalSection(SolutionProperties) = preSolution
		HideSolutionNode = FALSE
	EndGlobalSection
	GlobalSection(ExtensibilityGlobals) = postSolution
		SolutionGuid = {3FCE11B0-D4D4-49EC-A06C-47F1CCFE8519}
	EndGlobalSection
EndGlobal
