
Microsoft Visual Studio Solution File, Format Version 12.00
# Visual Studio Version 16
VisualStudioVersion = 16.0.31702.278
MinimumVisualStudioVersion = 10.0.40219.1
Project("{F2A71F9B-5D33-465A-A702-920D77279786}") = "PSI3DGDemo", "PSI3DGDemo.fsproj", "{B58F8275-5C4C-4AF2-9AD5-654882523A9A}"
EndProject
Global
	GlobalSection(SolutionConfigurationPlatforms) = preSolution
		Debug|Any CPU = Debug|Any CPU
		Release|Any CPU = Release|Any CPU
	EndGlobalSection
	GlobalSection(ProjectConfigurationPlatforms) = postSolution
		{B58F8275-5C4C-4AF2-9AD5-654882523A9A}.Debug|Any CPU.ActiveCfg = Debug|Any CPU
		{B58F8275-5C4C-4AF2-9AD5-654882523A9A}.Debug|Any CPU.Build.0 = Debug|Any CPU
		{B58F8275-5C4C-4AF2-9AD5-654882523A9A}.Release|Any CPU.ActiveCfg = Release|Any CPU
		{B58F8275-5C4C-4AF2-9AD5-654882523A9A}.Release|Any CPU.Build.0 = Release|Any CPU
	EndGlobalSection
	GlobalSection(SolutionProperties) = preSolution
		HideSolutionNode = FALSE
	EndGlobalSection
	GlobalSection(ExtensibilityGlobals) = postSolution
		SolutionGuid = {942775BB-E1D2-41FB-BAE9-C0A64A8A8E33}
	EndGlobalSection
EndGlobal
