
Microsoft Visual Studio Solution File, Format Version 12.00
# Visual Studio Version 16
VisualStudioVersion = 16.0.31702.278
MinimumVisualStudioVersion = 10.0.40219.1
Project("{F2A71F9B-5D33-465A-A702-920D77279786}") = "BTCSysV2", "BTCSysV2.fsproj", "{629B5B2C-92C8-4A6C-A1E2-D8CD0582A73B}"
EndProject
Global
	GlobalSection(SolutionConfigurationPlatforms) = preSolution
		Debug|Any CPU = Debug|Any CPU
		Release|Any CPU = Release|Any CPU
	EndGlobalSection
	GlobalSection(ProjectConfigurationPlatforms) = postSolution
		{629B5B2C-92C8-4A6C-A1E2-D8CD0582A73B}.Debug|Any CPU.ActiveCfg = Debug|Any CPU
		{629B5B2C-92C8-4A6C-A1E2-D8CD0582A73B}.Debug|Any CPU.Build.0 = Debug|Any CPU
		{629B5B2C-92C8-4A6C-A1E2-D8CD0582A73B}.Release|Any CPU.ActiveCfg = Release|Any CPU
		{629B5B2C-92C8-4A6C-A1E2-D8CD0582A73B}.Release|Any CPU.Build.0 = Release|Any CPU
	EndGlobalSection
	GlobalSection(SolutionProperties) = preSolution
		HideSolutionNode = FALSE
	EndGlobalSection
	GlobalSection(ExtensibilityGlobals) = postSolution
		SolutionGuid = {FB82C8C7-EAE2-42D5-A949-1A1122C5E108}
	EndGlobalSection
EndGlobal
