
Microsoft Visual Studio Solution File, Format Version 12.00
# Visual Studio Version 16
VisualStudioVersion = 16.0.31702.278
MinimumVisualStudioVersion = 10.0.40219.1
Project("{F2A71F9B-5D33-465A-A702-920D77279786}") = "TimeMeasurementDemo", "TimeMeasurementDemo.fsproj", "{AADB63BC-DAAB-4C3C-94CE-42A0FE17746B}"
EndProject
Global
	GlobalSection(SolutionConfigurationPlatforms) = preSolution
		Debug|Any CPU = Debug|Any CPU
		Release|Any CPU = Release|Any CPU
	EndGlobalSection
	GlobalSection(ProjectConfigurationPlatforms) = postSolution
		{AADB63BC-DAAB-4C3C-94CE-42A0FE17746B}.Debug|Any CPU.ActiveCfg = Debug|Any CPU
		{AADB63BC-DAAB-4C3C-94CE-42A0FE17746B}.Debug|Any CPU.Build.0 = Debug|Any CPU
		{AADB63BC-DAAB-4C3C-94CE-42A0FE17746B}.Release|Any CPU.ActiveCfg = Release|Any CPU
		{AADB63BC-DAAB-4C3C-94CE-42A0FE17746B}.Release|Any CPU.Build.0 = Release|Any CPU
	EndGlobalSection
	GlobalSection(SolutionProperties) = preSolution
		HideSolutionNode = FALSE
	EndGlobalSection
	GlobalSection(ExtensibilityGlobals) = postSolution
		SolutionGuid = {21EB89D0-1521-4CB6-9261-4F7A5D5E2FF2}
	EndGlobalSection
EndGlobal
