
Microsoft Visual Studio Solution File, Format Version 12.00
# Visual Studio Version 16
VisualStudioVersion = 16.0.31702.278
MinimumVisualStudioVersion = 10.0.40219.1
Project("{F2A71F9B-5D33-465A-A702-920D77279786}") = "Gossip3DGrid", "Gossip3DGrid.fsproj", "{8717161C-0090-42F7-B9DB-891753DD5084}"
EndProject
Global
	GlobalSection(SolutionConfigurationPlatforms) = preSolution
		Debug|Any CPU = Debug|Any CPU
		Release|Any CPU = Release|Any CPU
	EndGlobalSection
	GlobalSection(ProjectConfigurationPlatforms) = postSolution
		{8717161C-0090-42F7-B9DB-891753DD5084}.Debug|Any CPU.ActiveCfg = Debug|Any CPU
		{8717161C-0090-42F7-B9DB-891753DD5084}.Debug|Any CPU.Build.0 = Debug|Any CPU
		{8717161C-0090-42F7-B9DB-891753DD5084}.Release|Any CPU.ActiveCfg = Release|Any CPU
		{8717161C-0090-42F7-B9DB-891753DD5084}.Release|Any CPU.Build.0 = Release|Any CPU
	EndGlobalSection
	GlobalSection(SolutionProperties) = preSolution
		HideSolutionNode = FALSE
	EndGlobalSection
	GlobalSection(ExtensibilityGlobals) = postSolution
		SolutionGuid = {B408B73A-5161-4CE6-90CB-059B9EBA4B96}
	EndGlobalSection
EndGlobal
