
Microsoft Visual Studio Solution File, Format Version 12.00
# Visual Studio Version 16
VisualStudioVersion = 16.0.31702.278
MinimumVisualStudioVersion = 10.0.40219.1
Project("{F2A71F9B-5D33-465A-A702-920D77279786}") = "PS3DGDemo", "PS3DGDemo.fsproj", "{14A0C21B-918F-411C-80FD-4EF26C63DEDD}"
EndProject
Global
	GlobalSection(SolutionConfigurationPlatforms) = preSolution
		Debug|Any CPU = Debug|Any CPU
		Release|Any CPU = Release|Any CPU
	EndGlobalSection
	GlobalSection(ProjectConfigurationPlatforms) = postSolution
		{14A0C21B-918F-411C-80FD-4EF26C63DEDD}.Debug|Any CPU.ActiveCfg = Debug|Any CPU
		{14A0C21B-918F-411C-80FD-4EF26C63DEDD}.Debug|Any CPU.Build.0 = Debug|Any CPU
		{14A0C21B-918F-411C-80FD-4EF26C63DEDD}.Release|Any CPU.ActiveCfg = Release|Any CPU
		{14A0C21B-918F-411C-80FD-4EF26C63DEDD}.Release|Any CPU.Build.0 = Release|Any CPU
	EndGlobalSection
	GlobalSection(SolutionProperties) = preSolution
		HideSolutionNode = FALSE
	EndGlobalSection
	GlobalSection(ExtensibilityGlobals) = postSolution
		SolutionGuid = {AF153FF4-25EC-427E-A3DF-CE12657AF943}
	EndGlobalSection
EndGlobal
