
Microsoft Visual Studio Solution File, Format Version 12.00
# Visual Studio Version 16
VisualStudioVersion = 16.0.31702.278
MinimumVisualStudioVersion = 10.0.40219.1
Project("{F2A71F9B-5D33-465A-A702-920D77279786}") = "ChordP2PSimulator", "ChordP2PSimulator.fsproj", "{AE43961E-369C-499C-8227-DD53DE9E9953}"
EndProject
Global
	GlobalSection(SolutionConfigurationPlatforms) = preSolution
		Debug|Any CPU = Debug|Any CPU
		Release|Any CPU = Release|Any CPU
	EndGlobalSection
	GlobalSection(ProjectConfigurationPlatforms) = postSolution
		{AE43961E-369C-499C-8227-DD53DE9E9953}.Debug|Any CPU.ActiveCfg = Debug|Any CPU
		{AE43961E-369C-499C-8227-DD53DE9E9953}.Debug|Any CPU.Build.0 = Debug|Any CPU
		{AE43961E-369C-499C-8227-DD53DE9E9953}.Release|Any CPU.ActiveCfg = Release|Any CPU
		{AE43961E-369C-499C-8227-DD53DE9E9953}.Release|Any CPU.Build.0 = Release|Any CPU
	EndGlobalSection
	GlobalSection(SolutionProperties) = preSolution
		HideSolutionNode = FALSE
	EndGlobalSection
	GlobalSection(ExtensibilityGlobals) = postSolution
		SolutionGuid = {9A2AA4B9-8842-42A6-8587-32127F7C7D76}
	EndGlobalSection
EndGlobal
